
Microsoft Visual Studio Solution File, Format Version 12.00
# Visual Studio 2012
Project("{FAE04EC0-301F-11D3-BF4B-00C04F79EFBC}") = "Kladionica", "Kladionica\Kladionica.csproj", "{2B090C3E-4A73-4444-B3ED-715E2D3302BD}"
	ProjectSection(ProjectDependencies) = postProject
		{201B1431-DFA6-4449-A45E-4492ADDC0D0D} = {201B1431-DFA6-4449-A45E-4492ADDC0D0D}
	EndProjectSection
EndProject
Project("{FAE04EC0-301F-11D3-BF4B-00C04F79EFBC}") = "KladionicaKlase", "KladionicaKlase\KladionicaKlase.csproj", "{94D3239B-E329-47A9-AE50-733D5004E451}"
EndProject
Project("{FAE04EC0-301F-11D3-BF4B-00C04F79EFBC}") = "Bingo", "Bingo\Bingo.csproj", "{201B1431-DFA6-4449-A45E-4492ADDC0D0D}"
EndProject
Global
	GlobalSection(SubversionScc) = preSolution
		Svn-Managed = True
		Manager = AnkhSVN - Subversion Support for Visual Studio
	EndGlobalSection
	GlobalSection(SolutionConfigurationPlatforms) = preSolution
		Debug|Any CPU = Debug|Any CPU
		Release|Any CPU = Release|Any CPU
	EndGlobalSection
	GlobalSection(ProjectConfigurationPlatforms) = postSolution
		{2B090C3E-4A73-4444-B3ED-715E2D3302BD}.Debug|Any CPU.ActiveCfg = Debug|Any CPU
		{2B090C3E-4A73-4444-B3ED-715E2D3302BD}.Debug|Any CPU.Build.0 = Debug|Any CPU
		{2B090C3E-4A73-4444-B3ED-715E2D3302BD}.Release|Any CPU.ActiveCfg = Release|Any CPU
		{2B090C3E-4A73-4444-B3ED-715E2D3302BD}.Release|Any CPU.Build.0 = Release|Any CPU
		{94D3239B-E329-47A9-AE50-733D5004E451}.Debug|Any CPU.ActiveCfg = Debug|Any CPU
		{94D3239B-E329-47A9-AE50-733D5004E451}.Debug|Any CPU.Build.0 = Debug|Any CPU
		{94D3239B-E329-47A9-AE50-733D5004E451}.Release|Any CPU.ActiveCfg = Release|Any CPU
		{94D3239B-E329-47A9-AE50-733D5004E451}.Release|Any CPU.Build.0 = Release|Any CPU
		{201B1431-DFA6-4449-A45E-4492ADDC0D0D}.Debug|Any CPU.ActiveCfg = Debug|Any CPU
		{201B1431-DFA6-4449-A45E-4492ADDC0D0D}.Debug|Any CPU.Build.0 = Debug|Any CPU
		{201B1431-DFA6-4449-A45E-4492ADDC0D0D}.Release|Any CPU.ActiveCfg = Release|Any CPU
		{201B1431-DFA6-4449-A45E-4492ADDC0D0D}.Release|Any CPU.Build.0 = Release|Any CPU
	EndGlobalSection
	GlobalSection(SolutionProperties) = preSolution
		HideSolutionNode = FALSE
	EndGlobalSection
EndGlobal
